{
  "name": "naughty-http",
  "lockfileVersion": 3,
  "requires": true,
  "packages": {
    "": {
      "dependencies": {
        "naughty-util": "^0.4.2"
      }
    },
    "node_modules/naughty-util": {
      "version": "0.4.2",
      "resolved": "https://registry.npmjs.org/naughty-util/-/naughty-util-0.4.2.tgz",
      "integrity": "sha512-tEJJzagyMs2Jf0PUVYy2j2x5E7I0ah5mzLONrFfNTYYh8KZbLjJGlV91rEarQ3YJyJJXvkQJXnRN+ggDToFoVQ==",
      "license": "MIT",
      "engines": {
        "node": "18 || 19 || 20 || 21 || 22 || 23"
      }
    }
  }
}
